
Microsoft Visual Studio Solution File, Format Version 12.00
# Visual Studio Version 17
VisualStudioVersion = 17.10.34928.147
MinimumVisualStudioVersion = 10.0.40219.1
Project("{FAE04EC0-301F-11D3-BF4B-00C04F79EFBC}") = "Assignment_2_oop", "Assignment_2_oop\Assignment_2_oop.csproj", "{CA0A0F13-714B-471D-9DE7-7F8937242A49}"
EndProject
Global
	GlobalSection(SolutionConfigurationPlatforms) = preSolution
		Debug|Any CPU = Debug|Any CPU
		Release|Any CPU = Release|Any CPU
	EndGlobalSection
	GlobalSection(ProjectConfigurationPlatforms) = postSolution
		{CA0A0F13-714B-471D-9DE7-7F8937242A49}.Debug|Any CPU.ActiveCfg = Debug|Any CPU
		{CA0A0F13-714B-471D-9DE7-7F8937242A49}.Debug|Any CPU.Build.0 = Debug|Any CPU
		{CA0A0F13-714B-471D-9DE7-7F8937242A49}.Release|Any CPU.ActiveCfg = Release|Any CPU
		{CA0A0F13-714B-471D-9DE7-7F8937242A49}.Release|Any CPU.Build.0 = Release|Any CPU
	EndGlobalSection
	GlobalSection(SolutionProperties) = preSolution
		HideSolutionNode = FALSE
	EndGlobalSection
	GlobalSection(ExtensibilityGlobals) = postSolution
		SolutionGuid = {F44D5BE0-6548-4D77-89EB-38A2972AC2A0}
	EndGlobalSection
EndGlobal
